
Microsoft Visual Studio Solution File, Format Version 12.00
# Visual Studio Version 16
VisualStudioVersion = 16.0.31129.286
MinimumVisualStudioVersion = 10.0.40219.1
Project("{FAE04EC0-301F-11D3-BF4B-00C04F79EFBC}") = "bpiconsumer", "bpiconsumer.csproj", "{2DCC654D-DEB2-4960-B1B5-2DD79C9E5218}"
EndProject
Global
	GlobalSection(SolutionConfigurationPlatforms) = preSolution
		Debug|Any CPU = Debug|Any CPU
		Release|Any CPU = Release|Any CPU
	EndGlobalSection
	GlobalSection(ProjectConfigurationPlatforms) = postSolution
		{2DCC654D-DEB2-4960-B1B5-2DD79C9E5218}.Debug|Any CPU.ActiveCfg = Debug|Any CPU
		{2DCC654D-DEB2-4960-B1B5-2DD79C9E5218}.Debug|Any CPU.Build.0 = Debug|Any CPU
		{2DCC654D-DEB2-4960-B1B5-2DD79C9E5218}.Release|Any CPU.ActiveCfg = Release|Any CPU
		{2DCC654D-DEB2-4960-B1B5-2DD79C9E5218}.Release|Any CPU.Build.0 = Release|Any CPU
	EndGlobalSection
	GlobalSection(SolutionProperties) = preSolution
		HideSolutionNode = FALSE
	EndGlobalSection
	GlobalSection(ExtensibilityGlobals) = postSolution
		SolutionGuid = {FA73682B-4BEC-40DE-B597-6DFB7A776AC4}
	EndGlobalSection
EndGlobal
